
Microsoft Visual Studio Solution File, Format Version 12.00
# Visual Studio 15
VisualStudioVersion = 15.0.28307.489
MinimumVisualStudioVersion = 10.0.40219.1
Project("{FAE04EC0-301F-11D3-BF4B-00C04F79EFBC}") = "PR11", "PR11.csproj", "{C5119EE6-8BF0-417D-86C1-6A91E2C84C6A}"
EndProject
Global
	GlobalSection(SolutionConfigurationPlatforms) = preSolution
		Debug|Any CPU = Debug|Any CPU
		Release|Any CPU = Release|Any CPU
	EndGlobalSection
	GlobalSection(ProjectConfigurationPlatforms) = postSolution
		{C5119EE6-8BF0-417D-86C1-6A91E2C84C6A}.Debug|Any CPU.ActiveCfg = Debug|Any CPU
		{C5119EE6-8BF0-417D-86C1-6A91E2C84C6A}.Debug|Any CPU.Build.0 = Debug|Any CPU
		{C5119EE6-8BF0-417D-86C1-6A91E2C84C6A}.Release|Any CPU.ActiveCfg = Release|Any CPU
		{C5119EE6-8BF0-417D-86C1-6A91E2C84C6A}.Release|Any CPU.Build.0 = Release|Any CPU
	EndGlobalSection
	GlobalSection(SolutionProperties) = preSolution
		HideSolutionNode = FALSE
	EndGlobalSection
	GlobalSection(ExtensibilityGlobals) = postSolution
		SolutionGuid = {664C84E1-54AE-4332-94AF-6287D3CBDE4D}
	EndGlobalSection
EndGlobal
